// !$*UTF8*$!
{
	archiveVersion = 1;
	classes = {
	};
	objectVersion = 45;
	objects = {

/* Begin PBXBuildFile section */
		6051303D0F6855EF0035C924 /* AppleScriptObjC.framework in Frameworks */ = {isa = PBXBuildFile; fileRef = 60DF7BE70F684B9B00042178 /* AppleScriptObjC.framework */; };
		6051303E0F6855EF0035C924 /* Automator.framework in Frameworks */ = {isa = PBXBuildFile; fileRef = 60DF7BF10F684BBF00042178 /* Automator.framework */; };
		6051303F0F6855EF0035C924 /* Cocoa.framework in Frameworks */ = {isa = PBXBuildFile; fileRef = 60DF7BEB0F684BA200042178 /* Cocoa.framework */; };
		605130A50F6856050035C924 /* SendURLtoOF.applescript in Sources */ = {isa = PBXBuildFile; fileRef = 604288F10F6851D6002A6804 /* SendURLtoOF.applescript */; };
		605130A60F68560B0035C924 /* InfoPlist.strings in Resources */ = {isa = PBXBuildFile; fileRef = 089C167DFE841241C02AAC07 /* InfoPlist.strings */; };
		605130A70F68560B0035C924 /* main.xib in Resources */ = {isa = PBXBuildFile; fileRef = 60E1E08A0DB55F8700B0848E /* main.xib */; };
/* End PBXBuildFile section */

/* Begin PBXFileReference section */
		089C167EFE841241C02AAC07 /* English */ = {isa = PBXFileReference; fileEncoding = 10; lastKnownFileType = text.plist.strings; name = English; path = English.lproj/InfoPlist.strings; sourceTree = "<group>"; };
		604288F10F6851D6002A6804 /* SendURLtoOF.applescript */ = {isa = PBXFileReference; fileEncoding = 4; lastKnownFileType = sourcecode.applescript; path = SendURLtoOF.applescript; sourceTree = "<group>"; };
		604288F40F6851E8002A6804 /* SendURLtoOFPrefix.pch */ = {isa = PBXFileReference; fileEncoding = 4; lastKnownFileType = sourcecode.c.h; path = SendURLtoOFPrefix.pch; sourceTree = "<group>"; };
		605130380F6855D70035C924 /* SendURLtoOF.action */ = {isa = PBXFileReference; explicitFileType = wrapper.cfbundle; includeInIndex = 0; path = SendURLtoOF.action; sourceTree = BUILT_PRODUCTS_DIR; };
		60DF7BE70F684B9B00042178 /* AppleScriptObjC.framework */ = {isa = PBXFileReference; lastKnownFileType = wrapper.framework; name = AppleScriptObjC.framework; path = /System/Library/Frameworks/AppleScriptObjC.framework; sourceTree = "<absolute>"; };
		60DF7BEB0F684BA200042178 /* Cocoa.framework */ = {isa = PBXFileReference; lastKnownFileType = wrapper.framework; name = Cocoa.framework; path = /System/Library/Frameworks/Cocoa.framework; sourceTree = "<absolute>"; };
		60DF7BF10F684BBF00042178 /* Automator.framework */ = {isa = PBXFileReference; lastKnownFileType = wrapper.framework; name = Automator.framework; path = /System/Library/Frameworks/Automator.framework; sourceTree = "<absolute>"; };
		60E1E08B0DB55F8700B0848E /* English */ = {isa = PBXFileReference; lastKnownFileType = file.xib; name = English; path = English.lproj/main.xib; sourceTree = "<group>"; };
		8D5B49B7048680CD000E48DA /* Info.plist */ = {isa = PBXFileReference; explicitFileType = text.plist.xml; fileEncoding = 4; path = Info.plist; sourceTree = "<group>"; };
/* End PBXFileReference section */

/* Begin PBXFrameworksBuildPhase section */
		605130350F6855D70035C924 /* Frameworks */ = {
			isa = PBXFrameworksBuildPhase;
			buildActionMask = 2147483647;
			files = (
				6051303D0F6855EF0035C924 /* AppleScriptObjC.framework in Frameworks */,
				6051303E0F6855EF0035C924 /* Automator.framework in Frameworks */,
				6051303F0F6855EF0035C924 /* Cocoa.framework in Frameworks */,
			);
			runOnlyForDeploymentPostprocessing = 0;
		};
/* End PBXFrameworksBuildPhase section */

/* Begin PBXGroup section */
		089C166AFE841209C02AAC07 /* «PROJECTNAME» */ = {
			isa = PBXGroup;
			children = (
				08FB77AFFE84173DC02AAC07 /* Classes */,
				32C88E010371C26100C91783 /* Other Sources */,
				089C167CFE841241C02AAC07 /* Resources */,
				089C1671FE841209C02AAC07 /* Frameworks and Libraries */,
				19C28FB8FE9D52D311CA2CBB /* Products */,
			);
			name = "«PROJECTNAME»";
			sourceTree = "<group>";
		};
		089C1671FE841209C02AAC07 /* Frameworks and Libraries */ = {
			isa = PBXGroup;
			children = (
				1058C7ACFEA557BF11CA2CBB /* Linked Frameworks */,
				1058C7AEFEA557BF11CA2CBB /* Other Frameworks */,
			);
			name = "Frameworks and Libraries";
			sourceTree = "<group>";
		};
		089C167CFE841241C02AAC07 /* Resources */ = {
			isa = PBXGroup;
			children = (
				60E1E08A0DB55F8700B0848E /* main.xib */,
				8D5B49B7048680CD000E48DA /* Info.plist */,
				089C167DFE841241C02AAC07 /* InfoPlist.strings */,
			);
			name = Resources;
			sourceTree = "<group>";
		};
		08FB77AFFE84173DC02AAC07 /* Classes */ = {
			isa = PBXGroup;
			children = (
				604288F10F6851D6002A6804 /* SendURLtoOF.applescript */,
			);
			name = Classes;
			sourceTree = "<group>";
		};
		1058C7ACFEA557BF11CA2CBB /* Linked Frameworks */ = {
			isa = PBXGroup;
			children = (
				60DF7BE70F684B9B00042178 /* AppleScriptObjC.framework */,
				60DF7BEB0F684BA200042178 /* Cocoa.framework */,
				60DF7BF10F684BBF00042178 /* Automator.framework */,
			);
			name = "Linked Frameworks";
			sourceTree = "<group>";
		};
		1058C7AEFEA557BF11CA2CBB /* Other Frameworks */ = {
			isa = PBXGroup;
			children = (
			);
			name = "Other Frameworks";
			sourceTree = "<group>";
		};
		19C28FB8FE9D52D311CA2CBB /* Products */ = {
			isa = PBXGroup;
			children = (
				605130380F6855D70035C924 /* SendURLtoOF.action */,
			);
			name = Products;
			sourceTree = "<group>";
		};
		32C88E010371C26100C91783 /* Other Sources */ = {
			isa = PBXGroup;
			children = (
				604288F40F6851E8002A6804 /* SendURLtoOFPrefix.pch */,
			);
			name = "Other Sources";
			sourceTree = "<group>";
		};
/* End PBXGroup section */

/* Begin PBXNativeTarget section */
		605130370F6855D70035C924 /* SendURLtoOF */ = {
			isa = PBXNativeTarget;
			buildConfigurationList = 6051303C0F6855D80035C924 /* Build configuration list for PBXNativeTarget "SendURLtoOF" */;
			buildPhases = (
				605130330F6855D70035C924 /* Resources */,
				605130340F6855D70035C924 /* Sources */,
				605130350F6855D70035C924 /* Frameworks */,
				605130360F6855D70035C924 /* ShellScript */,
			);
			buildRules = (
			);
			dependencies = (
			);
			name = SendURLtoOF;
			productName = SendURLtoOF2;
			productReference = 605130380F6855D70035C924 /* SendURLtoOF.action */;
			productType = "com.apple.product-type.bundle";
		};
/* End PBXNativeTarget section */

/* Begin PBXProject section */
		089C1669FE841209C02AAC07 /* Project object */ = {
			isa = PBXProject;
			buildConfigurationList = 4E59C34308A97622001206A8 /* Build configuration list for PBXProject "SendURLtoOF" */;
			compatibilityVersion = "Xcode 3.1";
			developmentRegion = English;
			hasScannedForEncodings = 1;
			knownRegions = (
				English,
				Japanese,
				French,
				German,
			);
			mainGroup = 089C166AFE841209C02AAC07 /* «PROJECTNAME» */;
			projectDirPath = "";
			projectRoot = "";
			targets = (
				605130370F6855D70035C924 /* SendURLtoOF */,
			);
		};
/* End PBXProject section */

/* Begin PBXResourcesBuildPhase section */
		605130330F6855D70035C924 /* Resources */ = {
			isa = PBXResourcesBuildPhase;
			buildActionMask = 2147483647;
			files = (
				605130A60F68560B0035C924 /* InfoPlist.strings in Resources */,
				605130A70F68560B0035C924 /* main.xib in Resources */,
			);
			runOnlyForDeploymentPostprocessing = 0;
		};
/* End PBXResourcesBuildPhase section */

/* Begin PBXShellScriptBuildPhase section */
		605130360F6855D70035C924 /* ShellScript */ = {
			isa = PBXShellScriptBuildPhase;
			buildActionMask = 2147483647;
			files = (
			);
			inputPaths = (
			);
			outputPaths = (
			);
			runOnlyForDeploymentPostprocessing = 0;
			shellPath = /bin/sh;
			shellScript = "/usr/bin/amlint \"${BUILT_PRODUCTS_DIR}/${FULL_PRODUCT_NAME}\"";
		};
/* End PBXShellScriptBuildPhase section */

/* Begin PBXSourcesBuildPhase section */
		605130340F6855D70035C924 /* Sources */ = {
			isa = PBXSourcesBuildPhase;
			buildActionMask = 2147483647;
			files = (
				605130A50F6856050035C924 /* SendURLtoOF.applescript in Sources */,
			);
			runOnlyForDeploymentPostprocessing = 0;
		};
/* End PBXSourcesBuildPhase section */

/* Begin PBXVariantGroup section */
		089C167DFE841241C02AAC07 /* InfoPlist.strings */ = {
			isa = PBXVariantGroup;
			children = (
				089C167EFE841241C02AAC07 /* English */,
			);
			name = InfoPlist.strings;
			sourceTree = "<group>";
		};
		60E1E08A0DB55F8700B0848E /* main.xib */ = {
			isa = PBXVariantGroup;
			children = (
				60E1E08B0DB55F8700B0848E /* English */,
			);
			name = main.xib;
			sourceTree = "<group>";
		};
/* End PBXVariantGroup section */

/* Begin XCBuildConfiguration section */
		4E59C34408A97622001206A8 /* Debug */ = {
			isa = XCBuildConfiguration;
			buildSettings = {
				ARCHS = "$(ARCHS_STANDARD_32_64_BIT)";
				GCC_C_LANGUAGE_STANDARD = gnu99;
				GCC_ENABLE_OBJC_GC = supported;
				GCC_WARN_ABOUT_RETURN_TYPE = YES;
				GCC_WARN_UNUSED_VARIABLE = YES;
				ONLY_ACTIVE_ARCH = YES;
				PREBINDING = NO;
				SDKROOT = macosx10.6;
				VALID_ARCHS = "i386 ppc x86_64";
			};
			name = Debug;
		};
		4E59C34508A97622001206A8 /* Release */ = {
			isa = XCBuildConfiguration;
			buildSettings = {
				ARCHS = "$(ARCHS_STANDARD_32_64_BIT)";
				GCC_C_LANGUAGE_STANDARD = gnu99;
				GCC_ENABLE_OBJC_GC = supported;
				GCC_WARN_ABOUT_RETURN_TYPE = YES;
				GCC_WARN_UNUSED_VARIABLE = YES;
				PREBINDING = NO;
				SDKROOT = macosx10.6;
				VALID_ARCHS = "i386 ppc x86_64";
			};
			name = Release;
		};
		6051303A0F6855D80035C924 /* Debug */ = {
			isa = XCBuildConfiguration;
			buildSettings = {
				COPY_PHASE_STRIP = NO;
				GCC_DYNAMIC_NO_PIC = NO;
				GCC_ENABLE_FIX_AND_CONTINUE = YES;
				GCC_ENABLE_OBJC_GC = supported;
				GCC_MODEL_TUNING = G5;
				GCC_OPTIMIZATION_LEVEL = 0;
				GCC_PRECOMPILE_PREFIX_HEADER = YES;
				GCC_PREFIX_HEADER = "$(SYSTEM_LIBRARY_DIR)/Frameworks/AppKit.framework/Headers/AppKit.h";
				INFOPLIST_FILE = Info.plist;
				INSTALL_PATH = "$(USER_LIBRARY_DIR)/Automator";
				OTHER_LDFLAGS = (
					"-framework",
					Foundation,
					"-framework",
					AppKit,
				);
				OTHER_OSAFLAGS = "-x -t 0 -c 0";
				PREBINDING = NO;
				PRODUCT_NAME = SendURLtoOF;
				WRAPPER_EXTENSION = action;
			};
			name = Debug;
		};
		6051303B0F6855D80035C924 /* Release */ = {
			isa = XCBuildConfiguration;
			buildSettings = {
				COPY_PHASE_STRIP = YES;
				DEBUG_INFORMATION_FORMAT = "dwarf-with-dsym";
				GCC_ENABLE_FIX_AND_CONTINUE = NO;
				GCC_ENABLE_OBJC_GC = supported;
				GCC_MODEL_TUNING = G5;
				GCC_PRECOMPILE_PREFIX_HEADER = YES;
				GCC_PREFIX_HEADER = "$(SYSTEM_LIBRARY_DIR)/Frameworks/AppKit.framework/Headers/AppKit.h";
				INFOPLIST_FILE = Info.plist;
				INSTALL_PATH = "$(USER_LIBRARY_DIR)/Automator";
				OTHER_LDFLAGS = (
					"-framework",
					Foundation,
					"-framework",
					AppKit,
				);
				OTHER_OSAFLAGS = "-x -t 0 -c 0";
				PREBINDING = NO;
				PRODUCT_NAME = SendURLtoOF;
				WRAPPER_EXTENSION = action;
				ZERO_LINK = NO;
			};
			name = Release;
		};
/* End XCBuildConfiguration section */

/* Begin XCConfigurationList section */
		4E59C34308A97622001206A8 /* Build configuration list for PBXProject "SendURLtoOF" */ = {
			isa = XCConfigurationList;
			buildConfigurations = (
				4E59C34408A97622001206A8 /* Debug */,
				4E59C34508A97622001206A8 /* Release */,
			);
			defaultConfigurationIsVisible = 0;
			defaultConfigurationName = Release;
		};
		6051303C0F6855D80035C924 /* Build configuration list for PBXNativeTarget "SendURLtoOF" */ = {
			isa = XCConfigurationList;
			buildConfigurations = (
				6051303A0F6855D80035C924 /* Debug */,
				6051303B0F6855D80035C924 /* Release */,
			);
			defaultConfigurationIsVisible = 0;
			defaultConfigurationName = Release;
		};
/* End XCConfigurationList section */
	};
	rootObject = 089C1669FE841209C02AAC07 /* Project object */;
}
